{
  "nodes": {
    "nixpkgs": {
      "locked": {
        "lastModified": 1689253283,
        "narHash": "sha256-1T6BTB8aRl5+nR8bds+MtFYe7SqOVS58hPxSPoa7I3o=",
        "owner": "nixos",
        "repo": "nixpkgs",
        "rev": "4959cd51c6731a0e2fe92eaf0c9288f98333e2b5",
        "type": "github"
      },
      "original": {
        "owner": "nixos",
        "ref": "master",
        "repo": "nixpkgs",
        "type": "github"
      }
    },
    "root": {
      "inputs": {
        "nixpkgs": "nixpkgs"
      }
    }
  },
  "root": "root",
  "version": 7
}
